
Microsoft Visual Studio Solution File, Format Version 12.00
# Visual Studio Version 17
Project("{8BC9CEB8-8B4A-11D0-8D11-00A0C91BC942}") = "AppModule", "AppModule\AppModule.vcxproj", "{F1000000-0000-0000-0000-000000000001}"
EndProject
Project("{8BC9CEB8-8B4A-11D0-8D11-00A0C91BC942}") = "SvcModule", "SvcModule\SvcModule.vcxproj", "{F2000000-0000-0000-0000-000000000002}"
EndProject
Project("{8BC9CEB8-8B4A-11D0-8D11-00A0C91BC942}") = "DataModule", "DataModule\DataModule.vcxproj", "{F3000000-0000-0000-0000-000000000003}"
EndProject
Project("{8BC9CEB8-8B4A-11D0-8D11-00A0C91BC942}") = "HelperModule", "HelperModule\HelperModule.vcxproj", "{F4000000-0000-0000-0000-000000000004}"
EndProject
Project("{8BC9CEB8-8B4A-11D0-8D11-00A0C91BC942}") = "CoreModule", "CoreModule\CoreModule.vcxproj", "{F5000000-0000-0000-0000-000000000005}"
EndProject
Global
	GlobalSection(SolutionConfigurationPlatforms) = preSolution
		Debug|ARM64 = Debug|ARM64
		Debug|Win32 = Debug|Win32
		Debug|x64 = Debug|x64
		MinSizeRel|ARM64 = MinSizeRel|ARM64
		MinSizeRel|Win32 = MinSizeRel|Win32
		MinSizeRel|x64 = MinSizeRel|x64
		Release|ARM64 = Release|ARM64
		Release|Win32 = Release|Win32
		Release|x64 = Release|x64
		RelWithDebInfo|ARM64 = RelWithDebInfo|ARM64
		RelWithDebInfo|Win32 = RelWithDebInfo|Win32
		RelWithDebInfo|x64 = RelWithDebInfo|x64
	EndGlobalSection
	GlobalSection(SolutionProperties) = preSolution
		HideSolutionNode = FALSE
	EndGlobalSection
EndGlobal
